
Microsoft Visual Studio Solution File, Format Version 12.00
# Visual Studio Version 17
VisualStudioVersion = 17.5.002.0
MinimumVisualStudioVersion = 10.0.40219.1
Project("{9A19103F-16F7-4668-BE54-9A1E7A4F7556}") = "fileServer", "fileServer.csproj", "{DB06B55D-4063-4804-A84C-E3F002A8CDE4}"
EndProject
Global
	GlobalSection(SolutionConfigurationPlatforms) = preSolution
		Debug|Any CPU = Debug|Any CPU
		Release|Any CPU = Release|Any CPU
	EndGlobalSection
	GlobalSection(ProjectConfigurationPlatforms) = postSolution
		{DB06B55D-4063-4804-A84C-E3F002A8CDE4}.Debug|Any CPU.ActiveCfg = Debug|Any CPU
		{DB06B55D-4063-4804-A84C-E3F002A8CDE4}.Debug|Any CPU.Build.0 = Debug|Any CPU
		{DB06B55D-4063-4804-A84C-E3F002A8CDE4}.Release|Any CPU.ActiveCfg = Release|Any CPU
		{DB06B55D-4063-4804-A84C-E3F002A8CDE4}.Release|Any CPU.Build.0 = Release|Any CPU
	EndGlobalSection
	GlobalSection(SolutionProperties) = preSolution
		HideSolutionNode = FALSE
	EndGlobalSection
	GlobalSection(ExtensibilityGlobals) = postSolution
		SolutionGuid = {330C78A4-9AED-4B6D-AFE1-11040D6D8804}
	EndGlobalSection
EndGlobal
